// !$*UTF8*$!
{
	archiveVersion = 1;
	classes = {
	};
	objectVersion = 46;
	objects = {

/* Begin PBXBuildFile section */
		0DD98E29167BCE27001B24BE /* UIKit.framework in Frameworks */ = {isa = PBXBuildFile; fileRef = 0DD98E28167BCE27001B24BE /* UIKit.framework */; };
		0DD98E2B167BCE27001B24BE /* Foundation.framework in Frameworks */ = {isa = PBXBuildFile; fileRef = 0DD98E2A167BCE27001B24BE /* Foundation.framework */; };
		0DD98E2D167BCE27001B24BE /* CoreGraphics.framework in Frameworks */ = {isa = PBXBuildFile; fileRef = 0DD98E2C167BCE27001B24BE /* CoreGraphics.framework */; };
		0DD98E33167BCE27001B24BE /* InfoPlist.strings in Resources */ = {isa = PBXBuildFile; fileRef = 0DD98E31167BCE27001B24BE /* InfoPlist.strings */; };
		0DD98E35167BCE27001B24BE /* main.m in Sources */ = {isa = PBXBuildFile; fileRef = 0DD98E34167BCE27001B24BE /* main.m */; };
		0DD98E39167BCE27001B24BE /* AppDelegate.m in Sources */ = {isa = PBXBuildFile; fileRef = 0DD98E38167BCE27001B24BE /* AppDelegate.m */; };
		0DD98E3B167BCE27001B24BE /* Default.png in Resources */ = {isa = PBXBuildFile; fileRef = 0DD98E3A167BCE27001B24BE /* Default.png */; };
		0DD98E3D167BCE27001B24BE /* Default@2x.png in Resources */ = {isa = PBXBuildFile; fileRef = 0DD98E3C167BCE27001B24BE /* Default@2x.png */; };
		0DD98E3F167BCE27001B24BE /* Default-568h@2x.png in Resources */ = {isa = PBXBuildFile; fileRef = 0DD98E3E167BCE27001B24BE /* Default-568h@2x.png */; };
/* End PBXBuildFile section */

/* Begin PBXFileReference section */
		0DD98E24167BCE27001B24BE /* TestCrossPlatform.app */ = {isa = PBXFileReference; explicitFileType = wrapper.application; includeInIndex = 0; path = TestCrossPlatform.app; sourceTree = BUILT_PRODUCTS_DIR; };
		0DD98E28167BCE27001B24BE /* UIKit.framework */ = {isa = PBXFileReference; lastKnownFileType = wrapper.framework; name = UIKit.framework; path = System/Library/Frameworks/UIKit.framework; sourceTree = SDKROOT; };
		0DD98E2A167BCE27001B24BE /* Foundation.framework */ = {isa = PBXFileReference; lastKnownFileType = wrapper.framework; name = Foundation.framework; path = System/Library/Frameworks/Foundation.framework; sourceTree = SDKROOT; };
		0DD98E2C167BCE27001B24BE /* CoreGraphics.framework */ = {isa = PBXFileReference; lastKnownFileType = wrapper.framework; name = CoreGraphics.framework; path = System/Library/Frameworks/CoreGraphics.framework; sourceTree = SDKROOT; };
		0DD98E30167BCE27001B24BE /* TestCrossPlatform-Info.plist */ = {isa = PBXFileReference; lastKnownFileType = text.plist.xml; path = "TestCrossPlatform-Info.plist"; sourceTree = "<group>"; };
		0DD98E32167BCE27001B24BE /* en */ = {isa = PBXFileReference; lastKnownFileType = text.plist.strings; name = en; path = en.lproj/InfoPlist.strings; sourceTree = "<group>"; };
		0DD98E34167BCE27001B24BE /* main.m */ = {isa = PBXFileReference; lastKnownFileType = sourcecode.c.objc; path = main.m; sourceTree = "<group>"; };
		0DD98E36167BCE27001B24BE /* TestCrossPlatform-Prefix.pch */ = {isa = PBXFileReference; lastKnownFileType = sourcecode.c.h; path = "TestCrossPlatform-Prefix.pch"; sourceTree = "<group>"; };
		0DD98E37167BCE27001B24BE /* AppDelegate.h */ = {isa = PBXFileReference; lastKnownFileType = sourcecode.c.h; path = AppDelegate.h; sourceTree = "<group>"; };
		0DD98E38167BCE27001B24BE /* AppDelegate.m */ = {isa = PBXFileReference; lastKnownFileType = sourcecode.c.objc; path = AppDelegate.m; sourceTree = "<group>"; };
		0DD98E3A167BCE27001B24BE /* Default.png */ = {isa = PBXFileReference; lastKnownFileType = image.png; path = Default.png; sourceTree = "<group>"; };
		0DD98E3C167BCE27001B24BE /* Default@2x.png */ = {isa = PBXFileReference; lastKnownFileType = image.png; path = "Default@2x.png"; sourceTree = "<group>"; };
		0DD98E3E167BCE27001B24BE /* Default-568h@2x.png */ = {isa = PBXFileReference; lastKnownFileType = image.png; path = "Default-568h@2x.png"; sourceTree = "<group>"; };
/* End PBXFileReference section */

/* Begin PBXFrameworksBuildPhase section */
		0DD98E21167BCE27001B24BE /* Frameworks */ = {
			isa = PBXFrameworksBuildPhase;
			buildActionMask = 2147483647;
			files = (
				0DD98E29167BCE27001B24BE /* UIKit.framework in Frameworks */,
				0DD98E2B167BCE27001B24BE /* Foundation.framework in Frameworks */,
				0DD98E2D167BCE27001B24BE /* CoreGraphics.framework in Frameworks */,
			);
			runOnlyForDeploymentPostprocessing = 0;
		};
/* End PBXFrameworksBuildPhase section */

/* Begin PBXGroup section */
		0DD98E19167BCE27001B24BE = {
			isa = PBXGroup;
			children = (
				0DD98E2E167BCE27001B24BE /* TestCrossPlatform */,
				0DD98E27167BCE27001B24BE /* Frameworks */,
				0DD98E25167BCE27001B24BE /* Products */,
			);
			sourceTree = "<group>";
		};
		0DD98E25167BCE27001B24BE /* Products */ = {
			isa = PBXGroup;
			children = (
				0DD98E24167BCE27001B24BE /* TestCrossPlatform.app */,
			);
			name = Products;
			sourceTree = "<group>";
		};
		0DD98E27167BCE27001B24BE /* Frameworks */ = {
			isa = PBXGroup;
			children = (
				0DD98E28167BCE27001B24BE /* UIKit.framework */,
				0DD98E2A167BCE27001B24BE /* Foundation.framework */,
				0DD98E2C167BCE27001B24BE /* CoreGraphics.framework */,
			);
			name = Frameworks;
			sourceTree = "<group>";
		};
		0DD98E2E167BCE27001B24BE /* TestCrossPlatform */ = {
			isa = PBXGroup;
			children = (
				0DD98E37167BCE27001B24BE /* AppDelegate.h */,
				0DD98E38167BCE27001B24BE /* AppDelegate.m */,
				0DD98E2F167BCE27001B24BE /* Supporting Files */,
			);
			path = TestCrossPlatform;
			sourceTree = "<group>";
		};
		0DD98E2F167BCE27001B24BE /* Supporting Files */ = {
			isa = PBXGroup;
			children = (
				0DD98E30167BCE27001B24BE /* TestCrossPlatform-Info.plist */,
				0DD98E31167BCE27001B24BE /* InfoPlist.strings */,
				0DD98E34167BCE27001B24BE /* main.m */,
				0DD98E36167BCE27001B24BE /* TestCrossPlatform-Prefix.pch */,
				0DD98E3A167BCE27001B24BE /* Default.png */,
				0DD98E3C167BCE27001B24BE /* Default@2x.png */,
				0DD98E3E167BCE27001B24BE /* Default-568h@2x.png */,
			);
			name = "Supporting Files";
			sourceTree = "<group>";
		};
/* End PBXGroup section */

/* Begin PBXNativeTarget section */
		0DD98E23167BCE27001B24BE /* TestCrossPlatform */ = {
			isa = PBXNativeTarget;
			buildConfigurationList = 0DD98E42167BCE27001B24BE /* Build configuration list for PBXNativeTarget "TestCrossPlatform" */;
			buildPhases = (
				0DD98E20167BCE27001B24BE /* Sources */,
				0DD98E21167BCE27001B24BE /* Frameworks */,
				0DD98E22167BCE27001B24BE /* Resources */,
			);
			buildRules = (
			);
			dependencies = (
			);
			name = TestCrossPlatform;
			productName = TestCrossPlatform;
			productReference = 0DD98E24167BCE27001B24BE /* TestCrossPlatform.app */;
			productType = "com.apple.product-type.application";
		};
/* End PBXNativeTarget section */

/* Begin PBXProject section */
		0DD98E1B167BCE27001B24BE /* Project object */ = {
			isa = PBXProject;
			attributes = {
				LastUpgradeCheck = 0450;
				ORGANIZATIONNAME = "Bianca Gotthart";
			};
			buildConfigurationList = 0DD98E1E167BCE27001B24BE /* Build configuration list for PBXProject "TestCrossPlatform" */;
			compatibilityVersion = "Xcode 3.2";
			developmentRegion = English;
			hasScannedForEncodings = 0;
			knownRegions = (
				en,
			);
			mainGroup = 0DD98E19167BCE27001B24BE;
			productRefGroup = 0DD98E25167BCE27001B24BE /* Products */;
			projectDirPath = "";
			projectRoot = "";
			targets = (
				0DD98E23167BCE27001B24BE /* TestCrossPlatform */,
			);
		};
/* End PBXProject section */

/* Begin PBXResourcesBuildPhase section */
		0DD98E22167BCE27001B24BE /* Resources */ = {
			isa = PBXResourcesBuildPhase;
			buildActionMask = 2147483647;
			files = (
				0DD98E33167BCE27001B24BE /* InfoPlist.strings in Resources */,
				0DD98E3B167BCE27001B24BE /* Default.png in Resources */,
				0DD98E3D167BCE27001B24BE /* Default@2x.png in Resources */,
				0DD98E3F167BCE27001B24BE /* Default-568h@2x.png in Resources */,
			);
			runOnlyForDeploymentPostprocessing = 0;
		};
/* End PBXResourcesBuildPhase section */

/* Begin PBXSourcesBuildPhase section */
		0DD98E20167BCE27001B24BE /* Sources */ = {
			isa = PBXSourcesBuildPhase;
			buildActionMask = 2147483647;
			files = (
				0DD98E35167BCE27001B24BE /* main.m in Sources */,
				0DD98E39167BCE27001B24BE /* AppDelegate.m in Sources */,
			);
			runOnlyForDeploymentPostprocessing = 0;
		};
/* End PBXSourcesBuildPhase section */

/* Begin PBXVariantGroup section */
		0DD98E31167BCE27001B24BE /* InfoPlist.strings */ = {
			isa = PBXVariantGroup;
			children = (
				0DD98E32167BCE27001B24BE /* en */,
			);
			name = InfoPlist.strings;
			sourceTree = "<group>";
		};
/* End PBXVariantGroup section */

/* Begin XCBuildConfiguration section */
		0DD98E40167BCE27001B24BE /* Debug */ = {
			isa = XCBuildConfiguration;
			buildSettings = {
				ALWAYS_SEARCH_USER_PATHS = NO;
				CLANG_CXX_LANGUAGE_STANDARD = "gnu++0x";
				CLANG_CXX_LIBRARY = "libc++";
				CLANG_ENABLE_OBJC_ARC = YES;
				CLANG_WARN_EMPTY_BODY = YES;
				CLANG_WARN__DUPLICATE_METHOD_MATCH = YES;
				"CODE_SIGN_IDENTITY[sdk=iphoneos*]" = "iPhone Developer";
				COPY_PHASE_STRIP = NO;
				GCC_C_LANGUAGE_STANDARD = gnu99;
				GCC_DYNAMIC_NO_PIC = NO;
				GCC_OPTIMIZATION_LEVEL = 0;
				GCC_PREPROCESSOR_DEFINITIONS = (
					"DEBUG=1",
					"$(inherited)",
				);
				GCC_SYMBOLS_PRIVATE_EXTERN = NO;
				GCC_WARN_ABOUT_RETURN_TYPE = YES;
				GCC_WARN_UNINITIALIZED_AUTOS = YES;
				GCC_WARN_UNUSED_VARIABLE = YES;
				IPHONEOS_DEPLOYMENT_TARGET = 6.0;
				ONLY_ACTIVE_ARCH = YES;
				SDKROOT = iphoneos;
			};
			name = Debug;
		};
		0DD98E41167BCE27001B24BE /* Release */ = {
			isa = XCBuildConfiguration;
			buildSettings = {
				ALWAYS_SEARCH_USER_PATHS = NO;
				CLANG_CXX_LANGUAGE_STANDARD = "gnu++0x";
				CLANG_CXX_LIBRARY = "libc++";
				CLANG_ENABLE_OBJC_ARC = YES;
				CLANG_WARN_EMPTY_BODY = YES;
				CLANG_WARN__DUPLICATE_METHOD_MATCH = YES;
				"CODE_SIGN_IDENTITY[sdk=iphoneos*]" = "iPhone Developer";
				COPY_PHASE_STRIP = YES;
				GCC_C_LANGUAGE_STANDARD = gnu99;
				GCC_WARN_ABOUT_RETURN_TYPE = YES;
				GCC_WARN_UNINITIALIZED_AUTOS = YES;
				GCC_WARN_UNUSED_VARIABLE = YES;
				IPHONEOS_DEPLOYMENT_TARGET = 6.0;
				OTHER_CFLAGS = "-DNS_BLOCK_ASSERTIONS=1";
				SDKROOT = iphoneos;
				VALIDATE_PRODUCT = YES;
			};
			name = Release;
		};
		0DD98E43167BCE27001B24BE /* Debug */ = {
			isa = XCBuildConfiguration;
			buildSettings = {
				GCC_PRECOMPILE_PREFIX_HEADER = YES;
				GCC_PREFIX_HEADER = "TestCrossPlatform/TestCrossPlatform-Prefix.pch";
				INFOPLIST_FILE = "TestCrossPlatform/TestCrossPlatform-Info.plist";
				PRODUCT_NAME = "$(TARGET_NAME)";
				WRAPPER_EXTENSION = app;
			};
			name = Debug;
		};
		0DD98E44167BCE27001B24BE /* Release */ = {
			isa = XCBuildConfiguration;
			buildSettings = {
				GCC_PRECOMPILE_PREFIX_HEADER = YES;
				GCC_PREFIX_HEADER = "TestCrossPlatform/TestCrossPlatform-Prefix.pch";
				INFOPLIST_FILE = "TestCrossPlatform/TestCrossPlatform-Info.plist";
				PRODUCT_NAME = "$(TARGET_NAME)";
				WRAPPER_EXTENSION = app;
			};
			name = Release;
		};
/* End XCBuildConfiguration section */

/* Begin XCConfigurationList section */
		0DD98E1E167BCE27001B24BE /* Build configuration list for PBXProject "TestCrossPlatform" */ = {
			isa = XCConfigurationList;
			buildConfigurations = (
				0DD98E40167BCE27001B24BE /* Debug */,
				0DD98E41167BCE27001B24BE /* Release */,
			);
			defaultConfigurationIsVisible = 0;
			defaultConfigurationName = Release;
		};
		0DD98E42167BCE27001B24BE /* Build configuration list for PBXNativeTarget "TestCrossPlatform" */ = {
			isa = XCConfigurationList;
			buildConfigurations = (
				0DD98E43167BCE27001B24BE /* Debug */,
				0DD98E44167BCE27001B24BE /* Release */,
			);
			defaultConfigurationIsVisible = 0;
		};
/* End XCConfigurationList section */
	};
	rootObject = 0DD98E1B167BCE27001B24BE /* Project object */;
}
